
Microsoft Visual Studio Solution File, Format Version 12.00
# Visual Studio 15
VisualStudioVersion = 15.0.28010.2036
MinimumVisualStudioVersion = 10.0.40219.1
Project("{FAE04EC0-301F-11D3-BF4B-00C04F79EFBC}") = "CISS_311_Course_Project", "CISS_311_Course_Project\CISS_311_Course_Project.csproj", "{A3D0AB39-6B89-42E5-B3F7-ED9DF5C65F07}"
EndProject
Global
	GlobalSection(SolutionConfigurationPlatforms) = preSolution
		Debug|Any CPU = Debug|Any CPU
		Release|Any CPU = Release|Any CPU
	EndGlobalSection
	GlobalSection(ProjectConfigurationPlatforms) = postSolution
		{A3D0AB39-6B89-42E5-B3F7-ED9DF5C65F07}.Debug|Any CPU.ActiveCfg = Debug|Any CPU
		{A3D0AB39-6B89-42E5-B3F7-ED9DF5C65F07}.Debug|Any CPU.Build.0 = Debug|Any CPU
		{A3D0AB39-6B89-42E5-B3F7-ED9DF5C65F07}.Release|Any CPU.ActiveCfg = Release|Any CPU
		{A3D0AB39-6B89-42E5-B3F7-ED9DF5C65F07}.Release|Any CPU.Build.0 = Release|Any CPU
	EndGlobalSection
	GlobalSection(SolutionProperties) = preSolution
		HideSolutionNode = FALSE
	EndGlobalSection
	GlobalSection(ExtensibilityGlobals) = postSolution
		SolutionGuid = {5A8CADE3-E439-4F3E-8A03-44F9E23A3F3C}
	EndGlobalSection
EndGlobal
